
Microsoft Visual Studio Solution File, Format Version 12.00
# Visual Studio 15
VisualStudioVersion = 15.0.28307.329
MinimumVisualStudioVersion = 10.0.40219.1
Project("{FAE04EC0-301F-11D3-BF4B-00C04F79EFBC}") = "WallPaperCrontab", "WallPaperCrontab\WallPaperCrontab.csproj", "{2E313A96-AB70-44D3-8121-AF52ADDDBE4A}"
EndProject
Global
	GlobalSection(SolutionConfigurationPlatforms) = preSolution
		Debug|Any CPU = Debug|Any CPU
		Release|Any CPU = Release|Any CPU
	EndGlobalSection
	GlobalSection(ProjectConfigurationPlatforms) = postSolution
		{2E313A96-AB70-44D3-8121-AF52ADDDBE4A}.Debug|Any CPU.ActiveCfg = Debug|Any CPU
		{2E313A96-AB70-44D3-8121-AF52ADDDBE4A}.Debug|Any CPU.Build.0 = Debug|Any CPU
		{2E313A96-AB70-44D3-8121-AF52ADDDBE4A}.Release|Any CPU.ActiveCfg = Release|Any CPU
		{2E313A96-AB70-44D3-8121-AF52ADDDBE4A}.Release|Any CPU.Build.0 = Release|Any CPU
	EndGlobalSection
	GlobalSection(SolutionProperties) = preSolution
		HideSolutionNode = FALSE
	EndGlobalSection
	GlobalSection(ExtensibilityGlobals) = postSolution
		SolutionGuid = {044E8FD6-0168-49A9-A22D-3AE59BD46D81}
	EndGlobalSection
EndGlobal
