
Microsoft Visual Studio Solution File, Format Version 12.00
# Visual Studio 15
VisualStudioVersion = 15.0.28307.329
MinimumVisualStudioVersion = 10.0.40219.1
Project("{FAE04EC0-301F-11D3-BF4B-00C04F79EFBC}") = "WPFUI", "WPFUI\WPFUI.csproj", "{2E313A96-AB70-44D3-8121-AF52ADDDBE4A}"
	ProjectSection(ProjectDependencies) = postProject
		{C5E0A276-8D96-471A-B93A-815741214207} = {C5E0A276-8D96-471A-B93A-815741214207}
		{1C644AF6-D1A5-473E-A6DE-545EECF7F2D4} = {1C644AF6-D1A5-473E-A6DE-545EECF7F2D4}
	EndProjectSection
EndProject
Project("{FAE04EC0-301F-11D3-BF4B-00C04F79EFBC}") = "WallPaperChanger", "WallPaperChanger\WallPaperChanger.csproj", "{1C644AF6-D1A5-473E-A6DE-545EECF7F2D4}"
	ProjectSection(ProjectDependencies) = postProject
		{C5E0A276-8D96-471A-B93A-815741214207} = {C5E0A276-8D96-471A-B93A-815741214207}
	EndProjectSection
EndProject
Project("{9A19103F-16F7-4668-BE54-9A1E7A4F7556}") = "UnitTest", "UnitTest\UnitTest.csproj", "{29D96828-6AD2-4A79-9BF0-AFE2D01B7783}"
EndProject
Project("{FAE04EC0-301F-11D3-BF4B-00C04F79EFBC}") = "Utils", "Utils\Utils.csproj", "{C5E0A276-8D96-471A-B93A-815741214207}"
EndProject
Project("{FAE04EC0-301F-11D3-BF4B-00C04F79EFBC}") = "TaskScheduler", "TaskScheduler\TaskScheduler.csproj", "{B475D004-B67C-4650-B2FC-ACA635B193FD}"
EndProject
Global
	GlobalSection(SolutionConfigurationPlatforms) = preSolution
		Debug|Any CPU = Debug|Any CPU
		Release|Any CPU = Release|Any CPU
	EndGlobalSection
	GlobalSection(ProjectConfigurationPlatforms) = postSolution
		{2E313A96-AB70-44D3-8121-AF52ADDDBE4A}.Debug|Any CPU.ActiveCfg = Debug|Any CPU
		{2E313A96-AB70-44D3-8121-AF52ADDDBE4A}.Debug|Any CPU.Build.0 = Debug|Any CPU
		{2E313A96-AB70-44D3-8121-AF52ADDDBE4A}.Release|Any CPU.ActiveCfg = Release|Any CPU
		{2E313A96-AB70-44D3-8121-AF52ADDDBE4A}.Release|Any CPU.Build.0 = Release|Any CPU
		{1C644AF6-D1A5-473E-A6DE-545EECF7F2D4}.Debug|Any CPU.ActiveCfg = Debug|Any CPU
		{1C644AF6-D1A5-473E-A6DE-545EECF7F2D4}.Debug|Any CPU.Build.0 = Debug|Any CPU
		{1C644AF6-D1A5-473E-A6DE-545EECF7F2D4}.Release|Any CPU.ActiveCfg = Release|Any CPU
		{1C644AF6-D1A5-473E-A6DE-545EECF7F2D4}.Release|Any CPU.Build.0 = Release|Any CPU
		{29D96828-6AD2-4A79-9BF0-AFE2D01B7783}.Debug|Any CPU.ActiveCfg = Debug|Any CPU
		{29D96828-6AD2-4A79-9BF0-AFE2D01B7783}.Debug|Any CPU.Build.0 = Debug|Any CPU
		{29D96828-6AD2-4A79-9BF0-AFE2D01B7783}.Release|Any CPU.ActiveCfg = Release|Any CPU
		{29D96828-6AD2-4A79-9BF0-AFE2D01B7783}.Release|Any CPU.Build.0 = Release|Any CPU
		{C5E0A276-8D96-471A-B93A-815741214207}.Debug|Any CPU.ActiveCfg = Debug|Any CPU
		{C5E0A276-8D96-471A-B93A-815741214207}.Debug|Any CPU.Build.0 = Debug|Any CPU
		{C5E0A276-8D96-471A-B93A-815741214207}.Release|Any CPU.ActiveCfg = Release|Any CPU
		{C5E0A276-8D96-471A-B93A-815741214207}.Release|Any CPU.Build.0 = Release|Any CPU
		{B475D004-B67C-4650-B2FC-ACA635B193FD}.Debug|Any CPU.ActiveCfg = Debug|Any CPU
		{B475D004-B67C-4650-B2FC-ACA635B193FD}.Debug|Any CPU.Build.0 = Debug|Any CPU
		{B475D004-B67C-4650-B2FC-ACA635B193FD}.Release|Any CPU.ActiveCfg = Release|Any CPU
		{B475D004-B67C-4650-B2FC-ACA635B193FD}.Release|Any CPU.Build.0 = Release|Any CPU
	EndGlobalSection
	GlobalSection(SolutionProperties) = preSolution
		HideSolutionNode = FALSE
	EndGlobalSection
	GlobalSection(ExtensibilityGlobals) = postSolution
		SolutionGuid = {044E8FD6-0168-49A9-A22D-3AE59BD46D81}
	EndGlobalSection
EndGlobal
